# This file is automatically @generated by Cargo.
# It is not intended for manual editing.
version = 4

[[package]]
name = "rrn-cli"
version = "0.1.0"

[[package]]
name = "rrn-crypto"
version = "0.1.0"

[[package]]
name = "rrn-identity"
version = "0.1.0"

[[package]]
name = "rrn-ledger"
version = "0.1.0"

[[package]]
name = "rrn-protocol"
version = "0.1.0"

[[package]]
name = "rrn-station"
version = "0.1.0"

[[package]]
name = "rrn-storage"
version = "0.1.0"
